// !$*UTF8*$!
{
	archiveVersion = 1;
	classes = {
	};
	objectVersion = 50;
	objects = {

/* Begin PBXBuildFile section */
		2C905153225D33A200BDAE1C /* AppDelegate.swift in Sources */ = {isa = PBXBuildFile; fileRef = 2C905152225D33A200BDAE1C /* AppDelegate.swift */; };
		2C905158225D33A200BDAE1C /* Main.storyboard in Resources */ = {isa = PBXBuildFile; fileRef = 2C905156225D33A200BDAE1C /* Main.storyboard */; };
		2C90515A225D33A300BDAE1C /* Assets.xcassets in Resources */ = {isa = PBXBuildFile; fileRef = 2C905159225D33A300BDAE1C /* Assets.xcassets */; };
		2C90515D225D33A300BDAE1C /* LaunchScreen.storyboard in Resources */ = {isa = PBXBuildFile; fileRef = 2C90515B225D33A300BDAE1C /* LaunchScreen.storyboard */; };
		2C905168225D33A400BDAE1C /* Field_SurveyTests.swift in Sources */ = {isa = PBXBuildFile; fileRef = 2C905167225D33A400BDAE1C /* Field_SurveyTests.swift */; };
		2C905173225D33A400BDAE1C /* Field_SurveyUITests.swift in Sources */ = {isa = PBXBuildFile; fileRef = 2C905172225D33A400BDAE1C /* Field_SurveyUITests.swift */; };
/* End PBXBuildFile section */

/* Begin PBXContainerItemProxy section */
		2C905164225D33A400BDAE1C /* PBXContainerItemProxy */ = {
			isa = PBXContainerItemProxy;
			containerPortal = 2C905147225D33A200BDAE1C /* Project object */;
			proxyType = 1;
			remoteGlobalIDString = 2C90514E225D33A200BDAE1C;
			remoteInfo = "Field Survey";
		};
		2C90516F225D33A400BDAE1C /* PBXContainerItemProxy */ = {
			isa = PBXContainerItemProxy;
			containerPortal = 2C905147225D33A200BDAE1C /* Project object */;
			proxyType = 1;
			remoteGlobalIDString = 2C90514E225D33A200BDAE1C;
			remoteInfo = "Field Survey";
		};
/* End PBXContainerItemProxy section */

/* Begin PBXFileReference section */
		2C90514F225D33A200BDAE1C /* Field Survey.app */ = {isa = PBXFileReference; explicitFileType = wrapper.application; includeInIndex = 0; path = "Field Survey.app"; sourceTree = BUILT_PRODUCTS_DIR; };
		2C905152225D33A200BDAE1C /* AppDelegate.swift */ = {isa = PBXFileReference; lastKnownFileType = sourcecode.swift; path = AppDelegate.swift; sourceTree = "<group>"; };
		2C905157225D33A200BDAE1C /* Base */ = {isa = PBXFileReference; lastKnownFileType = file.storyboard; name = Base; path = Base.lproj/Main.storyboard; sourceTree = "<group>"; };
		2C905159225D33A300BDAE1C /* Assets.xcassets */ = {isa = PBXFileReference; lastKnownFileType = folder.assetcatalog; path = Assets.xcassets; sourceTree = "<group>"; };
		2C90515C225D33A300BDAE1C /* Base */ = {isa = PBXFileReference; lastKnownFileType = file.storyboard; name = Base; path = Base.lproj/LaunchScreen.storyboard; sourceTree = "<group>"; };
		2C90515E225D33A300BDAE1C /* Info.plist */ = {isa = PBXFileReference; lastKnownFileType = text.plist.xml; path = Info.plist; sourceTree = "<group>"; };
		2C905163225D33A400BDAE1C /* Field SurveyTests.xctest */ = {isa = PBXFileReference; explicitFileType = wrapper.cfbundle; includeInIndex = 0; path = "Field SurveyTests.xctest"; sourceTree = BUILT_PRODUCTS_DIR; };
		2C905167225D33A400BDAE1C /* Field_SurveyTests.swift */ = {isa = PBXFileReference; lastKnownFileType = sourcecode.swift; path = Field_SurveyTests.swift; sourceTree = "<group>"; };
		2C905169225D33A400BDAE1C /* Info.plist */ = {isa = PBXFileReference; lastKnownFileType = text.plist.xml; path = Info.plist; sourceTree = "<group>"; };
		2C90516E225D33A400BDAE1C /* Field SurveyUITests.xctest */ = {isa = PBXFileReference; explicitFileType = wrapper.cfbundle; includeInIndex = 0; path = "Field SurveyUITests.xctest"; sourceTree = BUILT_PRODUCTS_DIR; };
		2C905172225D33A400BDAE1C /* Field_SurveyUITests.swift */ = {isa = PBXFileReference; lastKnownFileType = sourcecode.swift; path = Field_SurveyUITests.swift; sourceTree = "<group>"; };
		2C905174225D33A400BDAE1C /* Info.plist */ = {isa = PBXFileReference; lastKnownFileType = text.plist.xml; path = Info.plist; sourceTree = "<group>"; };
/* End PBXFileReference section */

/* Begin PBXFrameworksBuildPhase section */
		2C90514C225D33A200BDAE1C /* Frameworks */ = {
			isa = PBXFrameworksBuildPhase;
			buildActionMask = 2147483647;
			files = (
			);
			runOnlyForDeploymentPostprocessing = 0;
		};
		2C905160225D33A400BDAE1C /* Frameworks */ = {
			isa = PBXFrameworksBuildPhase;
			buildActionMask = 2147483647;
			files = (
			);
			runOnlyForDeploymentPostprocessing = 0;
		};
		2C90516B225D33A400BDAE1C /* Frameworks */ = {
			isa = PBXFrameworksBuildPhase;
			buildActionMask = 2147483647;
			files = (
			);
			runOnlyForDeploymentPostprocessing = 0;
		};
/* End PBXFrameworksBuildPhase section */

/* Begin PBXGroup section */
		2C905146225D33A200BDAE1C = {
			isa = PBXGroup;
			children = (
				2C905151225D33A200BDAE1C /* Field Survey */,
				2C905166225D33A400BDAE1C /* Field SurveyTests */,
				2C905171225D33A400BDAE1C /* Field SurveyUITests */,
				2C905150225D33A200BDAE1C /* Products */,
			);
			sourceTree = "<group>";
		};
		2C905150225D33A200BDAE1C /* Products */ = {
			isa = PBXGroup;
			children = (
				2C90514F225D33A200BDAE1C /* Field Survey.app */,
				2C905163225D33A400BDAE1C /* Field SurveyTests.xctest */,
				2C90516E225D33A400BDAE1C /* Field SurveyUITests.xctest */,
			);
			name = Products;
			sourceTree = "<group>";
		};
		2C905151225D33A200BDAE1C /* Field Survey */ = {
			isa = PBXGroup;
			children = (
				2C905152225D33A200BDAE1C /* AppDelegate.swift */,
				2C905156225D33A200BDAE1C /* Main.storyboard */,
				2C905159225D33A300BDAE1C /* Assets.xcassets */,
				2C90515B225D33A300BDAE1C /* LaunchScreen.storyboard */,
				2C90515E225D33A300BDAE1C /* Info.plist */,
			);
			path = "Field Survey";
			sourceTree = "<group>";
		};
		2C905166225D33A400BDAE1C /* Field SurveyTests */ = {
			isa = PBXGroup;
			children = (
				2C905167225D33A400BDAE1C /* Field_SurveyTests.swift */,
				2C905169225D33A400BDAE1C /* Info.plist */,
			);
			path = "Field SurveyTests";
			sourceTree = "<group>";
		};
		2C905171225D33A400BDAE1C /* Field SurveyUITests */ = {
			isa = PBXGroup;
			children = (
				2C905172225D33A400BDAE1C /* Field_SurveyUITests.swift */,
				2C905174225D33A400BDAE1C /* Info.plist */,
			);
			path = "Field SurveyUITests";
			sourceTree = "<group>";
		};
/* End PBXGroup section */

/* Begin PBXNativeTarget section */
		2C90514E225D33A200BDAE1C /* Field Survey */ = {
			isa = PBXNativeTarget;
			buildConfigurationList = 2C905177225D33A400BDAE1C /* Build configuration list for PBXNativeTarget "Field Survey" */;
			buildPhases = (
				2C90514B225D33A200BDAE1C /* Sources */,
				2C90514C225D33A200BDAE1C /* Frameworks */,
				2C90514D225D33A200BDAE1C /* Resources */,
			);
			buildRules = (
			);
			dependencies = (
			);
			name = "Field Survey";
			productName = "Field Survey";
			productReference = 2C90514F225D33A200BDAE1C /* Field Survey.app */;
			productType = "com.apple.product-type.application";
		};
		2C905162225D33A400BDAE1C /* Field SurveyTests */ = {
			isa = PBXNativeTarget;
			buildConfigurationList = 2C90517A225D33A400BDAE1C /* Build configuration list for PBXNativeTarget "Field SurveyTests" */;
			buildPhases = (
				2C90515F225D33A400BDAE1C /* Sources */,
				2C905160225D33A400BDAE1C /* Frameworks */,
				2C905161225D33A400BDAE1C /* Resources */,
			);
			buildRules = (
			);
			dependencies = (
				2C905165225D33A400BDAE1C /* PBXTargetDependency */,
			);
			name = "Field SurveyTests";
			productName = "Field SurveyTests";
			productReference = 2C905163225D33A400BDAE1C /* Field SurveyTests.xctest */;
			productType = "com.apple.product-type.bundle.unit-test";
		};
		2C90516D225D33A400BDAE1C /* Field SurveyUITests */ = {
			isa = PBXNativeTarget;
			buildConfigurationList = 2C90517D225D33A400BDAE1C /* Build configuration list for PBXNativeTarget "Field SurveyUITests" */;
			buildPhases = (
				2C90516A225D33A400BDAE1C /* Sources */,
				2C90516B225D33A400BDAE1C /* Frameworks */,
				2C90516C225D33A400BDAE1C /* Resources */,
			);
			buildRules = (
			);
			dependencies = (
				2C905170225D33A400BDAE1C /* PBXTargetDependency */,
			);
			name = "Field SurveyUITests";
			productName = "Field SurveyUITests";
			productReference = 2C90516E225D33A400BDAE1C /* Field SurveyUITests.xctest */;
			productType = "com.apple.product-type.bundle.ui-testing";
		};
/* End PBXNativeTarget section */

/* Begin PBXProject section */
		2C905147225D33A200BDAE1C /* Project object */ = {
			isa = PBXProject;
			attributes = {
				LastSwiftUpdateCheck = 1010;
				LastUpgradeCheck = 1010;
				ORGANIZATIONNAME = "Yan Yang";
				TargetAttributes = {
					2C90514E225D33A200BDAE1C = {
						CreatedOnToolsVersion = 10.1;
					};
					2C905162225D33A400BDAE1C = {
						CreatedOnToolsVersion = 10.1;
						TestTargetID = 2C90514E225D33A200BDAE1C;
					};
					2C90516D225D33A400BDAE1C = {
						CreatedOnToolsVersion = 10.1;
						TestTargetID = 2C90514E225D33A200BDAE1C;
					};
				};
			};
			buildConfigurationList = 2C90514A225D33A200BDAE1C /* Build configuration list for PBXProject "Field Survey" */;
			compatibilityVersion = "Xcode 9.3";
			developmentRegion = en;
			hasScannedForEncodings = 0;
			knownRegions = (
				en,
				Base,
			);
			mainGroup = 2C905146225D33A200BDAE1C;
			productRefGroup = 2C905150225D33A200BDAE1C /* Products */;
			projectDirPath = "";
			projectRoot = "";
			targets = (
				2C90514E225D33A200BDAE1C /* Field Survey */,
				2C905162225D33A400BDAE1C /* Field SurveyTests */,
				2C90516D225D33A400BDAE1C /* Field SurveyUITests */,
			);
		};
/* End PBXProject section */

/* Begin PBXResourcesBuildPhase section */
		2C90514D225D33A200BDAE1C /* Resources */ = {
			isa = PBXResourcesBuildPhase;
			buildActionMask = 2147483647;
			files = (
				2C90515D225D33A300BDAE1C /* LaunchScreen.storyboard in Resources */,
				2C90515A225D33A300BDAE1C /* Assets.xcassets in Resources */,
				2C905158225D33A200BDAE1C /* Main.storyboard in Resources */,
			);
			runOnlyForDeploymentPostprocessing = 0;
		};
		2C905161225D33A400BDAE1C /* Resources */ = {
			isa = PBXResourcesBuildPhase;
			buildActionMask = 2147483647;
			files = (
			);
			runOnlyForDeploymentPostprocessing = 0;
		};
		2C90516C225D33A400BDAE1C /* Resources */ = {
			isa = PBXResourcesBuildPhase;
			buildActionMask = 2147483647;
			files = (
			);
			runOnlyForDeploymentPostprocessing = 0;
		};
/* End PBXResourcesBuildPhase section */

/* Begin PBXSourcesBuildPhase section */
		2C90514B225D33A200BDAE1C /* Sources */ = {
			isa = PBXSourcesBuildPhase;
			buildActionMask = 2147483647;
			files = (
				2C905153225D33A200BDAE1C /* AppDelegate.swift in Sources */,
			);
			runOnlyForDeploymentPostprocessing = 0;
		};
		2C90515F225D33A400BDAE1C /* Sources */ = {
			isa = PBXSourcesBuildPhase;
			buildActionMask = 2147483647;
			files = (
				2C905168225D33A400BDAE1C /* Field_SurveyTests.swift in Sources */,
			);
			runOnlyForDeploymentPostprocessing = 0;
		};
		2C90516A225D33A400BDAE1C /* Sources */ = {
			isa = PBXSourcesBuildPhase;
			buildActionMask = 2147483647;
			files = (
				2C905173225D33A400BDAE1C /* Field_SurveyUITests.swift in Sources */,
			);
			runOnlyForDeploymentPostprocessing = 0;
		};
/* End PBXSourcesBuildPhase section */

/* Begin PBXTargetDependency section */
		2C905165225D33A400BDAE1C /* PBXTargetDependency */ = {
			isa = PBXTargetDependency;
			target = 2C90514E225D33A200BDAE1C /* Field Survey */;
			targetProxy = 2C905164225D33A400BDAE1C /* PBXContainerItemProxy */;
		};
		2C905170225D33A400BDAE1C /* PBXTargetDependency */ = {
			isa = PBXTargetDependency;
			target = 2C90514E225D33A200BDAE1C /* Field Survey */;
			targetProxy = 2C90516F225D33A400BDAE1C /* PBXContainerItemProxy */;
		};
/* End PBXTargetDependency section */

/* Begin PBXVariantGroup section */
		2C905156225D33A200BDAE1C /* Main.storyboard */ = {
			isa = PBXVariantGroup;
			children = (
				2C905157225D33A200BDAE1C /* Base */,
			);
			name = Main.storyboard;
			sourceTree = "<group>";
		};
		2C90515B225D33A300BDAE1C /* LaunchScreen.storyboard */ = {
			isa = PBXVariantGroup;
			children = (
				2C90515C225D33A300BDAE1C /* Base */,
			);
			name = LaunchScreen.storyboard;
			sourceTree = "<group>";
		};
/* End PBXVariantGroup section */

/* Begin XCBuildConfiguration section */
		2C905175225D33A400BDAE1C /* Debug */ = {
			isa = XCBuildConfiguration;
			buildSettings = {
				ALWAYS_SEARCH_USER_PATHS = NO;
				CLANG_ANALYZER_NONNULL = YES;
				CLANG_ANALYZER_NUMBER_OBJECT_CONVERSION = YES_AGGRESSIVE;
				CLANG_CXX_LANGUAGE_STANDARD = "gnu++14";
				CLANG_CXX_LIBRARY = "libc++";
				CLANG_ENABLE_MODULES = YES;
				CLANG_ENABLE_OBJC_ARC = YES;
				CLANG_ENABLE_OBJC_WEAK = YES;
				CLANG_WARN_BLOCK_CAPTURE_AUTORELEASING = YES;
				CLANG_WARN_BOOL_CONVERSION = YES;
				CLANG_WARN_COMMA = YES;
				CLANG_WARN_CONSTANT_CONVERSION = YES;
				CLANG_WARN_DEPRECATED_OBJC_IMPLEMENTATIONS = YES;
				CLANG_WARN_DIRECT_OBJC_ISA_USAGE = YES_ERROR;
				CLANG_WARN_DOCUMENTATION_COMMENTS = YES;
				CLANG_WARN_EMPTY_BODY = YES;
				CLANG_WARN_ENUM_CONVERSION = YES;
				CLANG_WARN_INFINITE_RECURSION = YES;
				CLANG_WARN_INT_CONVERSION = YES;
				CLANG_WARN_NON_LITERAL_NULL_CONVERSION = YES;
				CLANG_WARN_OBJC_IMPLICIT_RETAIN_SELF = YES;
				CLANG_WARN_OBJC_LITERAL_CONVERSION = YES;
				CLANG_WARN_OBJC_ROOT_CLASS = YES_ERROR;
				CLANG_WARN_RANGE_LOOP_ANALYSIS = YES;
				CLANG_WARN_STRICT_PROTOTYPES = YES;
				CLANG_WARN_SUSPICIOUS_MOVE = YES;
				CLANG_WARN_UNGUARDED_AVAILABILITY = YES_AGGRESSIVE;
				CLANG_WARN_UNREACHABLE_CODE = YES;
				CLANG_WARN__DUPLICATE_METHOD_MATCH = YES;
				CODE_SIGN_IDENTITY = "iPhone Developer";
				COPY_PHASE_STRIP = NO;
				DEBUG_INFORMATION_FORMAT = dwarf;
				ENABLE_STRICT_OBJC_MSGSEND = YES;
				ENABLE_TESTABILITY = YES;
				GCC_C_LANGUAGE_STANDARD = gnu11;
				GCC_DYNAMIC_NO_PIC = NO;
				GCC_NO_COMMON_BLOCKS = YES;
				GCC_OPTIMIZATION_LEVEL = 0;
				GCC_PREPROCESSOR_DEFINITIONS = (
					"DEBUG=1",
					"$(inherited)",
				);
				GCC_WARN_64_TO_32_BIT_CONVERSION = YES;
				GCC_WARN_ABOUT_RETURN_TYPE = YES_ERROR;
				GCC_WARN_UNDECLARED_SELECTOR = YES;
				GCC_WARN_UNINITIALIZED_AUTOS = YES_AGGRESSIVE;
				GCC_WARN_UNUSED_FUNCTION = YES;
				GCC_WARN_UNUSED_VARIABLE = YES;
				IPHONEOS_DEPLOYMENT_TARGET = 12.1;
				MTL_ENABLE_DEBUG_INFO = INCLUDE_SOURCE;
				MTL_FAST_MATH = YES;
				ONLY_ACTIVE_ARCH = YES;
				SDKROOT = iphoneos;
				SWIFT_ACTIVE_COMPILATION_CONDITIONS = DEBUG;
				SWIFT_OPTIMIZATION_LEVEL = "-Onone";
			};
			name = Debug;
		};
		2C905176225D33A400BDAE1C /* Release */ = {
			isa = XCBuildConfiguration;
			buildSettings = {
				ALWAYS_SEARCH_USER_PATHS = NO;
				CLANG_ANALYZER_NONNULL = YES;
				CLANG_ANALYZER_NUMBER_OBJECT_CONVERSION = YES_AGGRESSIVE;
				CLANG_CXX_LANGUAGE_STANDARD = "gnu++14";
				CLANG_CXX_LIBRARY = "libc++";
				CLANG_ENABLE_MODULES = YES;
				CLANG_ENABLE_OBJC_ARC = YES;
				CLANG_ENABLE_OBJC_WEAK = YES;
				CLANG_WARN_BLOCK_CAPTURE_AUTORELEASING = YES;
				CLANG_WARN_BOOL_CONVERSION = YES;
				CLANG_WARN_COMMA = YES;
				CLANG_WARN_CONSTANT_CONVERSION = YES;
				CLANG_WARN_DEPRECATED_OBJC_IMPLEMENTATIONS = YES;
				CLANG_WARN_DIRECT_OBJC_ISA_USAGE = YES_ERROR;
				CLANG_WARN_DOCUMENTATION_COMMENTS = YES;
				CLANG_WARN_EMPTY_BODY = YES;
				CLANG_WARN_ENUM_CONVERSION = YES;
				CLANG_WARN_INFINITE_RECURSION = YES;
				CLANG_WARN_INT_CONVERSION = YES;
				CLANG_WARN_NON_LITERAL_NULL_CONVERSION = YES;
				CLANG_WARN_OBJC_IMPLICIT_RETAIN_SELF = YES;
				CLANG_WARN_OBJC_LITERAL_CONVERSION = YES;
				CLANG_WARN_OBJC_ROOT_CLASS = YES_ERROR;
				CLANG_WARN_RANGE_LOOP_ANALYSIS = YES;
				CLANG_WARN_STRICT_PROTOTYPES = YES;
				CLANG_WARN_SUSPICIOUS_MOVE = YES;
				CLANG_WARN_UNGUARDED_AVAILABILITY = YES_AGGRESSIVE;
				CLANG_WARN_UNREACHABLE_CODE = YES;
				CLANG_WARN__DUPLICATE_METHOD_MATCH = YES;
				CODE_SIGN_IDENTITY = "iPhone Developer";
				COPY_PHASE_STRIP = NO;
				DEBUG_INFORMATION_FORMAT = "dwarf-with-dsym";
				ENABLE_NS_ASSERTIONS = NO;
				ENABLE_STRICT_OBJC_MSGSEND = YES;
				GCC_C_LANGUAGE_STANDARD = gnu11;
				GCC_NO_COMMON_BLOCKS = YES;
				GCC_WARN_64_TO_32_BIT_CONVERSION = YES;
				GCC_WARN_ABOUT_RETURN_TYPE = YES_ERROR;
				GCC_WARN_UNDECLARED_SELECTOR = YES;
				GCC_WARN_UNINITIALIZED_AUTOS = YES_AGGRESSIVE;
				GCC_WARN_UNUSED_FUNCTION = YES;
				GCC_WARN_UNUSED_VARIABLE = YES;
				IPHONEOS_DEPLOYMENT_TARGET = 12.1;
				MTL_ENABLE_DEBUG_INFO = NO;
				MTL_FAST_MATH = YES;
				SDKROOT = iphoneos;
				SWIFT_COMPILATION_MODE = wholemodule;
				SWIFT_OPTIMIZATION_LEVEL = "-O";
				VALIDATE_PRODUCT = YES;
			};
			name = Release;
		};
		2C905178225D33A400BDAE1C /* Debug */ = {
			isa = XCBuildConfiguration;
			buildSettings = {
				ASSETCATALOG_COMPILER_APPICON_NAME = AppIcon;
				CODE_SIGN_STYLE = Automatic;
				INFOPLIST_FILE = "Field Survey/Info.plist";
				LD_RUNPATH_SEARCH_PATHS = (
					"$(inherited)",
					"@executable_path/Frameworks",
				);
				PRODUCT_BUNDLE_IDENTIFIER = "yan.Field-Survey";
				PRODUCT_NAME = "$(TARGET_NAME)";
				SWIFT_VERSION = 4.2;
				TARGETED_DEVICE_FAMILY = "1,2";
			};
			name = Debug;
		};
		2C905179225D33A400BDAE1C /* Release */ = {
			isa = XCBuildConfiguration;
			buildSettings = {
				ASSETCATALOG_COMPILER_APPICON_NAME = AppIcon;
				CODE_SIGN_STYLE = Automatic;
				INFOPLIST_FILE = "Field Survey/Info.plist";
				LD_RUNPATH_SEARCH_PATHS = (
					"$(inherited)",
					"@executable_path/Frameworks",
				);
				PRODUCT_BUNDLE_IDENTIFIER = "yan.Field-Survey";
				PRODUCT_NAME = "$(TARGET_NAME)";
				SWIFT_VERSION = 4.2;
				TARGETED_DEVICE_FAMILY = "1,2";
			};
			name = Release;
		};
		2C90517B225D33A400BDAE1C /* Debug */ = {
			isa = XCBuildConfiguration;
			buildSettings = {
				ALWAYS_EMBED_SWIFT_STANDARD_LIBRARIES = YES;
				BUNDLE_LOADER = "$(TEST_HOST)";
				CODE_SIGN_STYLE = Automatic;
				INFOPLIST_FILE = "Field SurveyTests/Info.plist";
				LD_RUNPATH_SEARCH_PATHS = (
					"$(inherited)",
					"@executable_path/Frameworks",
					"@loader_path/Frameworks",
				);
				PRODUCT_BUNDLE_IDENTIFIER = "yan.Field-SurveyTests";
				PRODUCT_NAME = "$(TARGET_NAME)";
				SWIFT_VERSION = 4.2;
				TARGETED_DEVICE_FAMILY = "1,2";
				TEST_HOST = "$(BUILT_PRODUCTS_DIR)/Field Survey.app/Field Survey";
			};
			name = Debug;
		};
		2C90517C225D33A400BDAE1C /* Release */ = {
			isa = XCBuildConfiguration;
			buildSettings = {
				ALWAYS_EMBED_SWIFT_STANDARD_LIBRARIES = YES;
				BUNDLE_LOADER = "$(TEST_HOST)";
				CODE_SIGN_STYLE = Automatic;
				INFOPLIST_FILE = "Field SurveyTests/Info.plist";
				LD_RUNPATH_SEARCH_PATHS = (
					"$(inherited)",
					"@executable_path/Frameworks",
					"@loader_path/Frameworks",
				);
				PRODUCT_BUNDLE_IDENTIFIER = "yan.Field-SurveyTests";
				PRODUCT_NAME = "$(TARGET_NAME)";
				SWIFT_VERSION = 4.2;
				TARGETED_DEVICE_FAMILY = "1,2";
				TEST_HOST = "$(BUILT_PRODUCTS_DIR)/Field Survey.app/Field Survey";
			};
			name = Release;
		};
		2C90517E225D33A400BDAE1C /* Debug */ = {
			isa = XCBuildConfiguration;
			buildSettings = {
				ALWAYS_EMBED_SWIFT_STANDARD_LIBRARIES = YES;
				CODE_SIGN_STYLE = Automatic;
				INFOPLIST_FILE = "Field SurveyUITests/Info.plist";
				LD_RUNPATH_SEARCH_PATHS = (
					"$(inherited)",
					"@executable_path/Frameworks",
					"@loader_path/Frameworks",
				);
				PRODUCT_BUNDLE_IDENTIFIER = "yan.Field-SurveyUITests";
				PRODUCT_NAME = "$(TARGET_NAME)";
				SWIFT_VERSION = 4.2;
				TARGETED_DEVICE_FAMILY = "1,2";
				TEST_TARGET_NAME = "Field Survey";
			};
			name = Debug;
		};
		2C90517F225D33A400BDAE1C /* Release */ = {
			isa = XCBuildConfiguration;
			buildSettings = {
				ALWAYS_EMBED_SWIFT_STANDARD_LIBRARIES = YES;
				CODE_SIGN_STYLE = Automatic;
				INFOPLIST_FILE = "Field SurveyUITests/Info.plist";
				LD_RUNPATH_SEARCH_PATHS = (
					"$(inherited)",
					"@executable_path/Frameworks",
					"@loader_path/Frameworks",
				);
				PRODUCT_BUNDLE_IDENTIFIER = "yan.Field-SurveyUITests";
				PRODUCT_NAME = "$(TARGET_NAME)";
				SWIFT_VERSION = 4.2;
				TARGETED_DEVICE_FAMILY = "1,2";
				TEST_TARGET_NAME = "Field Survey";
			};
			name = Release;
		};
/* End XCBuildConfiguration section */

/* Begin XCConfigurationList section */
		2C90514A225D33A200BDAE1C /* Build configuration list for PBXProject "Field Survey" */ = {
			isa = XCConfigurationList;
			buildConfigurations = (
				2C905175225D33A400BDAE1C /* Debug */,
				2C905176225D33A400BDAE1C /* Release */,
			);
			defaultConfigurationIsVisible = 0;
			defaultConfigurationName = Release;
		};
		2C905177225D33A400BDAE1C /* Build configuration list for PBXNativeTarget "Field Survey" */ = {
			isa = XCConfigurationList;
			buildConfigurations = (
				2C905178225D33A400BDAE1C /* Debug */,
				2C905179225D33A400BDAE1C /* Release */,
			);
			defaultConfigurationIsVisible = 0;
			defaultConfigurationName = Release;
		};
		2C90517A225D33A400BDAE1C /* Build configuration list for PBXNativeTarget "Field SurveyTests" */ = {
			isa = XCConfigurationList;
			buildConfigurations = (
				2C90517B225D33A400BDAE1C /* Debug */,
				2C90517C225D33A400BDAE1C /* Release */,
			);
			defaultConfigurationIsVisible = 0;
			defaultConfigurationName = Release;
		};
		2C90517D225D33A400BDAE1C /* Build configuration list for PBXNativeTarget "Field SurveyUITests" */ = {
			isa = XCConfigurationList;
			buildConfigurations = (
				2C90517E225D33A400BDAE1C /* Debug */,
				2C90517F225D33A400BDAE1C /* Release */,
			);
			defaultConfigurationIsVisible = 0;
			defaultConfigurationName = Release;
		};
/* End XCConfigurationList section */
	};
	rootObject = 2C905147225D33A200BDAE1C /* Project object */;
}
